// !$*UTF8*$!
{
	archiveVersion = 1;
	classes = {
	};
	objectVersion = 50;
	objects = {

/* Begin PBXBuildFile section */
		69AFF63C2577888900F7B242 /* AppDelegate.swift in Sources */ = {isa = PBXBuildFile; fileRef = 69AFF63B2577888900F7B242 /* AppDelegate.swift */; };
		69AFF63E2577888900F7B242 /* SceneDelegate.swift in Sources */ = {isa = PBXBuildFile; fileRef = 69AFF63D2577888900F7B242 /* SceneDelegate.swift */; };
		69AFF6402577888900F7B242 /* ViewController.swift in Sources */ = {isa = PBXBuildFile; fileRef = 69AFF63F2577888900F7B242 /* ViewController.swift */; };
		69AFF6432577888900F7B242 /* Main.storyboard in Resources */ = {isa = PBXBuildFile; fileRef = 69AFF6412577888900F7B242 /* Main.storyboard */; };
		69AFF6452577888D00F7B242 /* Assets.xcassets in Resources */ = {isa = PBXBuildFile; fileRef = 69AFF6442577888D00F7B242 /* Assets.xcassets */; };
		69AFF6482577888D00F7B242 /* LaunchScreen.storyboard in Resources */ = {isa = PBXBuildFile; fileRef = 69AFF6462577888D00F7B242 /* LaunchScreen.storyboard */; };
		69AFF6562577891D00F7B242 /* ModalViewController.swift in Sources */ = {isa = PBXBuildFile; fileRef = 69AFF6552577891D00F7B242 /* ModalViewController.swift */; };
		69AFF6592577897E00F7B242 /* Banner.swift in Sources */ = {isa = PBXBuildFile; fileRef = 69AFF6582577897E00F7B242 /* Banner.swift */; };
		69AFF65C2577898500F7B242 /* Offer.swift in Sources */ = {isa = PBXBuildFile; fileRef = 69AFF65B2577898500F7B242 /* Offer.swift */; };
		69AFF65F257789AA00F7B242 /* NetworkService.swift in Sources */ = {isa = PBXBuildFile; fileRef = 69AFF65E257789AA00F7B242 /* NetworkService.swift */; };
		69AFF66225778CC400F7B242 /* ViewController+Extensions.swift in Sources */ = {isa = PBXBuildFile; fileRef = 69AFF66125778CC400F7B242 /* ViewController+Extensions.swift */; };
		69AFF6682577958F00F7B242 /* BannerCollectionViewCell.swift in Sources */ = {isa = PBXBuildFile; fileRef = 69AFF6672577958F00F7B242 /* BannerCollectionViewCell.swift */; };
		69AFF66B257798E100F7B242 /* BannersTableViewCell.swift in Sources */ = {isa = PBXBuildFile; fileRef = 69AFF66A257798E100F7B242 /* BannersTableViewCell.swift */; };
		69AFF66E25779C6300F7B242 /* OfferTableViewCell.swift in Sources */ = {isa = PBXBuildFile; fileRef = 69AFF66D25779C6300F7B242 /* OfferTableViewCell.swift */; };
/* End PBXBuildFile section */

/* Begin PBXFileReference section */
		69AFF6382577888900F7B242 /* test.app */ = {isa = PBXFileReference; explicitFileType = wrapper.application; includeInIndex = 0; path = test.app; sourceTree = BUILT_PRODUCTS_DIR; };
		69AFF63B2577888900F7B242 /* AppDelegate.swift */ = {isa = PBXFileReference; lastKnownFileType = sourcecode.swift; path = AppDelegate.swift; sourceTree = "<group>"; };
		69AFF63D2577888900F7B242 /* SceneDelegate.swift */ = {isa = PBXFileReference; lastKnownFileType = sourcecode.swift; path = SceneDelegate.swift; sourceTree = "<group>"; };
		69AFF63F2577888900F7B242 /* ViewController.swift */ = {isa = PBXFileReference; lastKnownFileType = sourcecode.swift; path = ViewController.swift; sourceTree = "<group>"; };
		69AFF6422577888900F7B242 /* Base */ = {isa = PBXFileReference; lastKnownFileType = file.storyboard; name = Base; path = Base.lproj/Main.storyboard; sourceTree = "<group>"; };
		69AFF6442577888D00F7B242 /* Assets.xcassets */ = {isa = PBXFileReference; lastKnownFileType = folder.assetcatalog; path = Assets.xcassets; sourceTree = "<group>"; };
		69AFF6472577888D00F7B242 /* Base */ = {isa = PBXFileReference; lastKnownFileType = file.storyboard; name = Base; path = Base.lproj/LaunchScreen.storyboard; sourceTree = "<group>"; };
		69AFF6492577888D00F7B242 /* Info.plist */ = {isa = PBXFileReference; lastKnownFileType = text.plist.xml; path = Info.plist; sourceTree = "<group>"; };
		69AFF6552577891D00F7B242 /* ModalViewController.swift */ = {isa = PBXFileReference; lastKnownFileType = sourcecode.swift; path = ModalViewController.swift; sourceTree = "<group>"; };
		69AFF6582577897E00F7B242 /* Banner.swift */ = {isa = PBXFileReference; lastKnownFileType = sourcecode.swift; path = Banner.swift; sourceTree = "<group>"; };
		69AFF65B2577898500F7B242 /* Offer.swift */ = {isa = PBXFileReference; lastKnownFileType = sourcecode.swift; path = Offer.swift; sourceTree = "<group>"; };
		69AFF65E257789AA00F7B242 /* NetworkService.swift */ = {isa = PBXFileReference; lastKnownFileType = sourcecode.swift; path = NetworkService.swift; sourceTree = "<group>"; };
		69AFF66125778CC400F7B242 /* ViewController+Extensions.swift */ = {isa = PBXFileReference; lastKnownFileType = sourcecode.swift; path = "ViewController+Extensions.swift"; sourceTree = "<group>"; };
		69AFF6672577958F00F7B242 /* BannerCollectionViewCell.swift */ = {isa = PBXFileReference; lastKnownFileType = sourcecode.swift; path = BannerCollectionViewCell.swift; sourceTree = "<group>"; };
		69AFF66A257798E100F7B242 /* BannersTableViewCell.swift */ = {isa = PBXFileReference; lastKnownFileType = sourcecode.swift; path = BannersTableViewCell.swift; sourceTree = "<group>"; };
		69AFF66D25779C6300F7B242 /* OfferTableViewCell.swift */ = {isa = PBXFileReference; lastKnownFileType = sourcecode.swift; path = OfferTableViewCell.swift; sourceTree = "<group>"; };
/* End PBXFileReference section */

/* Begin PBXFrameworksBuildPhase section */
		69AFF6352577888900F7B242 /* Frameworks */ = {
			isa = PBXFrameworksBuildPhase;
			buildActionMask = 2147483647;
			files = (
			);
			runOnlyForDeploymentPostprocessing = 0;
		};
/* End PBXFrameworksBuildPhase section */

/* Begin PBXGroup section */
		69AFF62F2577888900F7B242 = {
			isa = PBXGroup;
			children = (
				69AFF63A2577888900F7B242 /* test */,
				69AFF6392577888900F7B242 /* Products */,
			);
			sourceTree = "<group>";
		};
		69AFF6392577888900F7B242 /* Products */ = {
			isa = PBXGroup;
			children = (
				69AFF6382577888900F7B242 /* test.app */,
			);
			name = Products;
			sourceTree = "<group>";
		};
		69AFF63A2577888900F7B242 /* test */ = {
			isa = PBXGroup;
			children = (
				69AFF6652577956800F7B242 /* Cells */,
				69AFF653257788ED00F7B242 /* ViewControllers */,
				69AFF6512577889D00F7B242 /* Service */,
				69AFF6502577889800F7B242 /* Domain */,
				69AFF63B2577888900F7B242 /* AppDelegate.swift */,
				69AFF63D2577888900F7B242 /* SceneDelegate.swift */,
				69AFF6412577888900F7B242 /* Main.storyboard */,
				69AFF6442577888D00F7B242 /* Assets.xcassets */,
				69AFF6462577888D00F7B242 /* LaunchScreen.storyboard */,
				69AFF6492577888D00F7B242 /* Info.plist */,
			);
			path = test;
			sourceTree = "<group>";
		};
		69AFF6502577889800F7B242 /* Domain */ = {
			isa = PBXGroup;
			children = (
				69AFF6582577897E00F7B242 /* Banner.swift */,
				69AFF65B2577898500F7B242 /* Offer.swift */,
			);
			path = Domain;
			sourceTree = "<group>";
		};
		69AFF6512577889D00F7B242 /* Service */ = {
			isa = PBXGroup;
			children = (
				69AFF65E257789AA00F7B242 /* NetworkService.swift */,
			);
			path = Service;
			sourceTree = "<group>";
		};
		69AFF653257788ED00F7B242 /* ViewControllers */ = {
			isa = PBXGroup;
			children = (
				69AFF6552577891D00F7B242 /* ModalViewController.swift */,
				69AFF63F2577888900F7B242 /* ViewController.swift */,
				69AFF66125778CC400F7B242 /* ViewController+Extensions.swift */,
			);
			path = ViewControllers;
			sourceTree = "<group>";
		};
		69AFF6652577956800F7B242 /* Cells */ = {
			isa = PBXGroup;
			children = (
				69AFF6672577958F00F7B242 /* BannerCollectionViewCell.swift */,
				69AFF66A257798E100F7B242 /* BannersTableViewCell.swift */,
				69AFF66D25779C6300F7B242 /* OfferTableViewCell.swift */,
			);
			path = Cells;
			sourceTree = "<group>";
		};
/* End PBXGroup section */

/* Begin PBXNativeTarget section */
		69AFF6372577888900F7B242 /* test */ = {
			isa = PBXNativeTarget;
			buildConfigurationList = 69AFF64C2577888D00F7B242 /* Build configuration list for PBXNativeTarget "test" */;
			buildPhases = (
				69AFF6342577888900F7B242 /* Sources */,
				69AFF6352577888900F7B242 /* Frameworks */,
				69AFF6362577888900F7B242 /* Resources */,
			);
			buildRules = (
			);
			dependencies = (
			);
			name = test;
			productName = test;
			productReference = 69AFF6382577888900F7B242 /* test.app */;
			productType = "com.apple.product-type.application";
		};
/* End PBXNativeTarget section */

/* Begin PBXProject section */
		69AFF6302577888900F7B242 /* Project object */ = {
			isa = PBXProject;
			attributes = {
				LastSwiftUpdateCheck = 1200;
				LastUpgradeCheck = 1200;
				TargetAttributes = {
					69AFF6372577888900F7B242 = {
						CreatedOnToolsVersion = 12.0.1;
					};
				};
			};
			buildConfigurationList = 69AFF6332577888900F7B242 /* Build configuration list for PBXProject "test" */;
			compatibilityVersion = "Xcode 9.3";
			developmentRegion = en;
			hasScannedForEncodings = 0;
			knownRegions = (
				en,
				Base,
			);
			mainGroup = 69AFF62F2577888900F7B242;
			productRefGroup = 69AFF6392577888900F7B242 /* Products */;
			projectDirPath = "";
			projectRoot = "";
			targets = (
				69AFF6372577888900F7B242 /* test */,
			);
		};
/* End PBXProject section */

/* Begin PBXResourcesBuildPhase section */
		69AFF6362577888900F7B242 /* Resources */ = {
			isa = PBXResourcesBuildPhase;
			buildActionMask = 2147483647;
			files = (
				69AFF6482577888D00F7B242 /* LaunchScreen.storyboard in Resources */,
				69AFF6452577888D00F7B242 /* Assets.xcassets in Resources */,
				69AFF6432577888900F7B242 /* Main.storyboard in Resources */,
			);
			runOnlyForDeploymentPostprocessing = 0;
		};
/* End PBXResourcesBuildPhase section */

/* Begin PBXSourcesBuildPhase section */
		69AFF6342577888900F7B242 /* Sources */ = {
			isa = PBXSourcesBuildPhase;
			buildActionMask = 2147483647;
			files = (
				69AFF6682577958F00F7B242 /* BannerCollectionViewCell.swift in Sources */,
				69AFF65C2577898500F7B242 /* Offer.swift in Sources */,
				69AFF66E25779C6300F7B242 /* OfferTableViewCell.swift in Sources */,
				69AFF6562577891D00F7B242 /* ModalViewController.swift in Sources */,
				69AFF6402577888900F7B242 /* ViewController.swift in Sources */,
				69AFF6592577897E00F7B242 /* Banner.swift in Sources */,
				69AFF66225778CC400F7B242 /* ViewController+Extensions.swift in Sources */,
				69AFF63C2577888900F7B242 /* AppDelegate.swift in Sources */,
				69AFF63E2577888900F7B242 /* SceneDelegate.swift in Sources */,
				69AFF65F257789AA00F7B242 /* NetworkService.swift in Sources */,
				69AFF66B257798E100F7B242 /* BannersTableViewCell.swift in Sources */,
			);
			runOnlyForDeploymentPostprocessing = 0;
		};
/* End PBXSourcesBuildPhase section */

/* Begin PBXVariantGroup section */
		69AFF6412577888900F7B242 /* Main.storyboard */ = {
			isa = PBXVariantGroup;
			children = (
				69AFF6422577888900F7B242 /* Base */,
			);
			name = Main.storyboard;
			sourceTree = "<group>";
		};
		69AFF6462577888D00F7B242 /* LaunchScreen.storyboard */ = {
			isa = PBXVariantGroup;
			children = (
				69AFF6472577888D00F7B242 /* Base */,
			);
			name = LaunchScreen.storyboard;
			sourceTree = "<group>";
		};
/* End PBXVariantGroup section */

/* Begin XCBuildConfiguration section */
		69AFF64A2577888D00F7B242 /* Debug */ = {
			isa = XCBuildConfiguration;
			buildSettings = {
				ALWAYS_SEARCH_USER_PATHS = NO;
				CLANG_ANALYZER_NONNULL = YES;
				CLANG_ANALYZER_NUMBER_OBJECT_CONVERSION = YES_AGGRESSIVE;
				CLANG_CXX_LANGUAGE_STANDARD = "gnu++14";
				CLANG_CXX_LIBRARY = "libc++";
				CLANG_ENABLE_MODULES = YES;
				CLANG_ENABLE_OBJC_ARC = YES;
				CLANG_ENABLE_OBJC_WEAK = YES;
				CLANG_WARN_BLOCK_CAPTURE_AUTORELEASING = YES;
				CLANG_WARN_BOOL_CONVERSION = YES;
				CLANG_WARN_COMMA = YES;
				CLANG_WARN_CONSTANT_CONVERSION = YES;
				CLANG_WARN_DEPRECATED_OBJC_IMPLEMENTATIONS = YES;
				CLANG_WARN_DIRECT_OBJC_ISA_USAGE = YES_ERROR;
				CLANG_WARN_DOCUMENTATION_COMMENTS = YES;
				CLANG_WARN_EMPTY_BODY = YES;
				CLANG_WARN_ENUM_CONVERSION = YES;
				CLANG_WARN_INFINITE_RECURSION = YES;
				CLANG_WARN_INT_CONVERSION = YES;
				CLANG_WARN_NON_LITERAL_NULL_CONVERSION = YES;
				CLANG_WARN_OBJC_IMPLICIT_RETAIN_SELF = YES;
				CLANG_WARN_OBJC_LITERAL_CONVERSION = YES;
				CLANG_WARN_OBJC_ROOT_CLASS = YES_ERROR;
				CLANG_WARN_QUOTED_INCLUDE_IN_FRAMEWORK_HEADER = YES;
				CLANG_WARN_RANGE_LOOP_ANALYSIS = YES;
				CLANG_WARN_STRICT_PROTOTYPES = YES;
				CLANG_WARN_SUSPICIOUS_MOVE = YES;
				CLANG_WARN_UNGUARDED_AVAILABILITY = YES_AGGRESSIVE;
				CLANG_WARN_UNREACHABLE_CODE = YES;
				CLANG_WARN__DUPLICATE_METHOD_MATCH = YES;
				COPY_PHASE_STRIP = NO;
				DEBUG_INFORMATION_FORMAT = dwarf;
				ENABLE_STRICT_OBJC_MSGSEND = YES;
				ENABLE_TESTABILITY = YES;
				GCC_C_LANGUAGE_STANDARD = gnu11;
				GCC_DYNAMIC_NO_PIC = NO;
				GCC_NO_COMMON_BLOCKS = YES;
				GCC_OPTIMIZATION_LEVEL = 0;
				GCC_PREPROCESSOR_DEFINITIONS = (
					"DEBUG=1",
					"$(inherited)",
				);
				GCC_WARN_64_TO_32_BIT_CONVERSION = YES;
				GCC_WARN_ABOUT_RETURN_TYPE = YES_ERROR;
				GCC_WARN_UNDECLARED_SELECTOR = YES;
				GCC_WARN_UNINITIALIZED_AUTOS = YES_AGGRESSIVE;
				GCC_WARN_UNUSED_FUNCTION = YES;
				GCC_WARN_UNUSED_VARIABLE = YES;
				IPHONEOS_DEPLOYMENT_TARGET = 14.0;
				MTL_ENABLE_DEBUG_INFO = INCLUDE_SOURCE;
				MTL_FAST_MATH = YES;
				ONLY_ACTIVE_ARCH = YES;
				SDKROOT = iphoneos;
				SWIFT_ACTIVE_COMPILATION_CONDITIONS = DEBUG;
				SWIFT_OPTIMIZATION_LEVEL = "-Onone";
			};
			name = Debug;
		};
		69AFF64B2577888D00F7B242 /* Release */ = {
			isa = XCBuildConfiguration;
			buildSettings = {
				ALWAYS_SEARCH_USER_PATHS = NO;
				CLANG_ANALYZER_NONNULL = YES;
				CLANG_ANALYZER_NUMBER_OBJECT_CONVERSION = YES_AGGRESSIVE;
				CLANG_CXX_LANGUAGE_STANDARD = "gnu++14";
				CLANG_CXX_LIBRARY = "libc++";
				CLANG_ENABLE_MODULES = YES;
				CLANG_ENABLE_OBJC_ARC = YES;
				CLANG_ENABLE_OBJC_WEAK = YES;
				CLANG_WARN_BLOCK_CAPTURE_AUTORELEASING = YES;
				CLANG_WARN_BOOL_CONVERSION = YES;
				CLANG_WARN_COMMA = YES;
				CLANG_WARN_CONSTANT_CONVERSION = YES;
				CLANG_WARN_DEPRECATED_OBJC_IMPLEMENTATIONS = YES;
				CLANG_WARN_DIRECT_OBJC_ISA_USAGE = YES_ERROR;
				CLANG_WARN_DOCUMENTATION_COMMENTS = YES;
				CLANG_WARN_EMPTY_BODY = YES;
				CLANG_WARN_ENUM_CONVERSION = YES;
				CLANG_WARN_INFINITE_RECURSION = YES;
				CLANG_WARN_INT_CONVERSION = YES;
				CLANG_WARN_NON_LITERAL_NULL_CONVERSION = YES;
				CLANG_WARN_OBJC_IMPLICIT_RETAIN_SELF = YES;
				CLANG_WARN_OBJC_LITERAL_CONVERSION = YES;
				CLANG_WARN_OBJC_ROOT_CLASS = YES_ERROR;
				CLANG_WARN_QUOTED_INCLUDE_IN_FRAMEWORK_HEADER = YES;
				CLANG_WARN_RANGE_LOOP_ANALYSIS = YES;
				CLANG_WARN_STRICT_PROTOTYPES = YES;
				CLANG_WARN_SUSPICIOUS_MOVE = YES;
				CLANG_WARN_UNGUARDED_AVAILABILITY = YES_AGGRESSIVE;
				CLANG_WARN_UNREACHABLE_CODE = YES;
				CLANG_WARN__DUPLICATE_METHOD_MATCH = YES;
				COPY_PHASE_STRIP = NO;
				DEBUG_INFORMATION_FORMAT = "dwarf-with-dsym";
				ENABLE_NS_ASSERTIONS = NO;
				ENABLE_STRICT_OBJC_MSGSEND = YES;
				GCC_C_LANGUAGE_STANDARD = gnu11;
				GCC_NO_COMMON_BLOCKS = YES;
				GCC_WARN_64_TO_32_BIT_CONVERSION = YES;
				GCC_WARN_ABOUT_RETURN_TYPE = YES_ERROR;
				GCC_WARN_UNDECLARED_SELECTOR = YES;
				GCC_WARN_UNINITIALIZED_AUTOS = YES_AGGRESSIVE;
				GCC_WARN_UNUSED_FUNCTION = YES;
				GCC_WARN_UNUSED_VARIABLE = YES;
				IPHONEOS_DEPLOYMENT_TARGET = 14.0;
				MTL_ENABLE_DEBUG_INFO = NO;
				MTL_FAST_MATH = YES;
				SDKROOT = iphoneos;
				SWIFT_COMPILATION_MODE = wholemodule;
				SWIFT_OPTIMIZATION_LEVEL = "-O";
				VALIDATE_PRODUCT = YES;
			};
			name = Release;
		};
		69AFF64D2577888D00F7B242 /* Debug */ = {
			isa = XCBuildConfiguration;
			buildSettings = {
				ASSETCATALOG_COMPILER_APPICON_NAME = AppIcon;
				ASSETCATALOG_COMPILER_GLOBAL_ACCENT_COLOR_NAME = AccentColor;
				CODE_SIGN_STYLE = Automatic;
				DEVELOPMENT_TEAM = 4G9C5R228S;
				INFOPLIST_FILE = test/Info.plist;
				IPHONEOS_DEPLOYMENT_TARGET = 13.0;
				LD_RUNPATH_SEARCH_PATHS = (
					"$(inherited)",
					"@executable_path/Frameworks",
				);
				PRODUCT_BUNDLE_IDENTIFIER = org.test;
				PRODUCT_NAME = "$(TARGET_NAME)";
				SWIFT_VERSION = 5.0;
				TARGETED_DEVICE_FAMILY = "1,2";
			};
			name = Debug;
		};
		69AFF64E2577888D00F7B242 /* Release */ = {
			isa = XCBuildConfiguration;
			buildSettings = {
				ASSETCATALOG_COMPILER_APPICON_NAME = AppIcon;
				ASSETCATALOG_COMPILER_GLOBAL_ACCENT_COLOR_NAME = AccentColor;
				CODE_SIGN_STYLE = Automatic;
				DEVELOPMENT_TEAM = 4G9C5R228S;
				INFOPLIST_FILE = test/Info.plist;
				IPHONEOS_DEPLOYMENT_TARGET = 13.0;
				LD_RUNPATH_SEARCH_PATHS = (
					"$(inherited)",
					"@executable_path/Frameworks",
				);
				PRODUCT_BUNDLE_IDENTIFIER = org.test;
				PRODUCT_NAME = "$(TARGET_NAME)";
				SWIFT_VERSION = 5.0;
				TARGETED_DEVICE_FAMILY = "1,2";
			};
			name = Release;
		};
/* End XCBuildConfiguration section */

/* Begin XCConfigurationList section */
		69AFF6332577888900F7B242 /* Build configuration list for PBXProject "test" */ = {
			isa = XCConfigurationList;
			buildConfigurations = (
				69AFF64A2577888D00F7B242 /* Debug */,
				69AFF64B2577888D00F7B242 /* Release */,
			);
			defaultConfigurationIsVisible = 0;
			defaultConfigurationName = Release;
		};
		69AFF64C2577888D00F7B242 /* Build configuration list for PBXNativeTarget "test" */ = {
			isa = XCConfigurationList;
			buildConfigurations = (
				69AFF64D2577888D00F7B242 /* Debug */,
				69AFF64E2577888D00F7B242 /* Release */,
			);
			defaultConfigurationIsVisible = 0;
			defaultConfigurationName = Release;
		};
/* End XCConfigurationList section */
	};
	rootObject = 69AFF6302577888900F7B242 /* Project object */;
}
